
Microsoft Visual Studio Solution File, Format Version 12.00
# Visual Studio Version 17
VisualStudioVersion = 17.0.31903.59
MinimumVisualStudioVersion = 10.0.40219.1
Project("{FAE04EC0-301F-11D3-BF4B-00C04F79EFBC}") = "EcommerceCleanArchitecture.Domain", "EcommerceCleanArchitecture.Domain\EcommerceCleanArchitecture.Domain.csproj", "{62E40E42-09A7-4AA1-8F88-9BFABD4678E3}"
EndProject
Project("{FAE04EC0-301F-11D3-BF4B-00C04F79EFBC}") = "EcommerceCleanArchitecture.Application", "EcommerceCleanArchitecture.Application\EcommerceCleanArchitecture.Application.csproj", "{C15DB291-54B1-4EE1-9EA5-6AF3A99682BF}"
EndProject
Project("{FAE04EC0-301F-11D3-BF4B-00C04F79EFBC}") = "EcommerceCleanArchitecture.Infrastructure", "EcommerceCleanArchitecture.Infrastructure\EcommerceCleanArchitecture.Infrastructure.csproj", "{492B1242-1279-4D33-A1EE-E9412746A79A}"
EndProject
Project("{FAE04EC0-301F-11D3-BF4B-00C04F79EFBC}") = "EcommerceCleanArchitecture.Presentation", "EcommerceCleanArchitecture.Presentation\EcommerceCleanArchitecture.Presentation.csproj", "{9C2EB141-A3C5-4796-B099-412E01B5D9A8}"
EndProject
Global
	GlobalSection(SolutionConfigurationPlatforms) = preSolution
		Debug|Any CPU = Debug|Any CPU
		Release|Any CPU = Release|Any CPU
	EndGlobalSection
	GlobalSection(SolutionProperties) = preSolution
		HideSolutionNode = FALSE
	EndGlobalSection
	GlobalSection(ProjectConfigurationPlatforms) = postSolution
		{62E40E42-09A7-4AA1-8F88-9BFABD4678E3}.Debug|Any CPU.ActiveCfg = Debug|Any CPU
		{62E40E42-09A7-4AA1-8F88-9BFABD4678E3}.Debug|Any CPU.Build.0 = Debug|Any CPU
		{62E40E42-09A7-4AA1-8F88-9BFABD4678E3}.Release|Any CPU.ActiveCfg = Release|Any CPU
		{62E40E42-09A7-4AA1-8F88-9BFABD4678E3}.Release|Any CPU.Build.0 = Release|Any CPU
		{C15DB291-54B1-4EE1-9EA5-6AF3A99682BF}.Debug|Any CPU.ActiveCfg = Debug|Any CPU
		{C15DB291-54B1-4EE1-9EA5-6AF3A99682BF}.Debug|Any CPU.Build.0 = Debug|Any CPU
		{C15DB291-54B1-4EE1-9EA5-6AF3A99682BF}.Release|Any CPU.ActiveCfg = Release|Any CPU
		{C15DB291-54B1-4EE1-9EA5-6AF3A99682BF}.Release|Any CPU.Build.0 = Release|Any CPU
		{492B1242-1279-4D33-A1EE-E9412746A79A}.Debug|Any CPU.ActiveCfg = Debug|Any CPU
		{492B1242-1279-4D33-A1EE-E9412746A79A}.Debug|Any CPU.Build.0 = Debug|Any CPU
		{492B1242-1279-4D33-A1EE-E9412746A79A}.Release|Any CPU.ActiveCfg = Release|Any CPU
		{492B1242-1279-4D33-A1EE-E9412746A79A}.Release|Any CPU.Build.0 = Release|Any CPU
		{9C2EB141-A3C5-4796-B099-412E01B5D9A8}.Debug|Any CPU.ActiveCfg = Debug|Any CPU
		{9C2EB141-A3C5-4796-B099-412E01B5D9A8}.Debug|Any CPU.Build.0 = Debug|Any CPU
		{9C2EB141-A3C5-4796-B099-412E01B5D9A8}.Release|Any CPU.ActiveCfg = Release|Any CPU
		{9C2EB141-A3C5-4796-B099-412E01B5D9A8}.Release|Any CPU.Build.0 = Release|Any CPU
	EndGlobalSection
EndGlobal
